
Microsoft Visual Studio Solution File, Format Version 12.00
# Visual Studio Version 17
VisualStudioVersion = 17.6.33829.357
MinimumVisualStudioVersion = 10.0.40219.1
Project("{FAE04EC0-301F-11D3-BF4B-00C04F79EFBC}") = "Phase3Section2.26", "Phase3Section2.26\Phase3Section2.26.csproj", "{D340B788-F0C2-4E09-9008-B43C2BED675F}"
EndProject
Global
	GlobalSection(SolutionConfigurationPlatforms) = preSolution
		Debug|Any CPU = Debug|Any CPU
		Release|Any CPU = Release|Any CPU
	EndGlobalSection
	GlobalSection(ProjectConfigurationPlatforms) = postSolution
		{D340B788-F0C2-4E09-9008-B43C2BED675F}.Debug|Any CPU.ActiveCfg = Debug|Any CPU
		{D340B788-F0C2-4E09-9008-B43C2BED675F}.Debug|Any CPU.Build.0 = Debug|Any CPU
		{D340B788-F0C2-4E09-9008-B43C2BED675F}.Release|Any CPU.ActiveCfg = Release|Any CPU
		{D340B788-F0C2-4E09-9008-B43C2BED675F}.Release|Any CPU.Build.0 = Release|Any CPU
	EndGlobalSection
	GlobalSection(SolutionProperties) = preSolution
		HideSolutionNode = FALSE
	EndGlobalSection
	GlobalSection(ExtensibilityGlobals) = postSolution
		SolutionGuid = {9F5DE6ED-2EEC-4A79-8E73-A0E3769A8FE6}
	EndGlobalSection
EndGlobal
